
Microsoft Visual Studio Solution File, Format Version 12.00
# Visual Studio 14
VisualStudioVersion = 14.0.25420.1
MinimumVisualStudioVersion = 10.0.40219.1
Project("{FAE04EC0-301F-11D3-BF4B-00C04F79EFBC}") = "Samples.WebApi.PolicyService", "Samples.WebApi.PolicyService\Samples.WebApi.PolicyService.csproj", "{BCF037BA-D60D-41F9-B731-57B5294FA567}"
EndProject
Project("{FAE04EC0-301F-11D3-BF4B-00C04F79EFBC}") = "Capl", "..\..\CAPL\Capl.csproj", "{F967630C-DC89-4433-A732-833E9815EB1E}"
EndProject
Global
	GlobalSection(SolutionConfigurationPlatforms) = preSolution
		Debug|Any CPU = Debug|Any CPU
		Release|Any CPU = Release|Any CPU
	EndGlobalSection
	GlobalSection(ProjectConfigurationPlatforms) = postSolution
		{BCF037BA-D60D-41F9-B731-57B5294FA567}.Debug|Any CPU.ActiveCfg = Debug|Any CPU
		{BCF037BA-D60D-41F9-B731-57B5294FA567}.Debug|Any CPU.Build.0 = Debug|Any CPU
		{BCF037BA-D60D-41F9-B731-57B5294FA567}.Release|Any CPU.ActiveCfg = Release|Any CPU
		{BCF037BA-D60D-41F9-B731-57B5294FA567}.Release|Any CPU.Build.0 = Release|Any CPU
		{F967630C-DC89-4433-A732-833E9815EB1E}.Debug|Any CPU.ActiveCfg = Debug|Any CPU
		{F967630C-DC89-4433-A732-833E9815EB1E}.Debug|Any CPU.Build.0 = Debug|Any CPU
		{F967630C-DC89-4433-A732-833E9815EB1E}.Release|Any CPU.ActiveCfg = Release|Any CPU
		{F967630C-DC89-4433-A732-833E9815EB1E}.Release|Any CPU.Build.0 = Release|Any CPU
	EndGlobalSection
	GlobalSection(SolutionProperties) = preSolution
		HideSolutionNode = FALSE
	EndGlobalSection
EndGlobal
